
Microsoft Visual Studio Solution File, Format Version 12.00
# Visual Studio Version 16
VisualStudioVersion = 16.0.29411.108
MinimumVisualStudioVersion = 10.0.40219.1
Project("{FAE04EC0-301F-11D3-BF4B-00C04F79EFBC}") = "MqozExporter", "MqozExporter.csproj", "{CA3BBB31-996F-4BC3-A7D9-4C5646ECB0EB}"
EndProject
Global
	GlobalSection(SolutionConfigurationPlatforms) = preSolution
		Debug|Any CPU = Debug|Any CPU
		Release|Any CPU = Release|Any CPU
	EndGlobalSection
	GlobalSection(ProjectConfigurationPlatforms) = postSolution
		{CA3BBB31-996F-4BC3-A7D9-4C5646ECB0EB}.Debug|Any CPU.ActiveCfg = Debug|Any CPU
		{CA3BBB31-996F-4BC3-A7D9-4C5646ECB0EB}.Debug|Any CPU.Build.0 = Debug|Any CPU
		{CA3BBB31-996F-4BC3-A7D9-4C5646ECB0EB}.Release|Any CPU.ActiveCfg = Release|Any CPU
		{CA3BBB31-996F-4BC3-A7D9-4C5646ECB0EB}.Release|Any CPU.Build.0 = Release|Any CPU
	EndGlobalSection
	GlobalSection(SolutionProperties) = preSolution
		HideSolutionNode = FALSE
	EndGlobalSection
	GlobalSection(ExtensibilityGlobals) = postSolution
		SolutionGuid = {DF540AF9-E1E6-4759-B3EF-FB4B452A0BF1}
	EndGlobalSection
EndGlobal
